{
    "name": "tslib",
    "version": "1.9.0",
    "lockfileVersion": 1,
    "requires": true,
    "dependencies": {
        "@types/node": {
            "version": "6.0.110",
            "resolved": "https://registry.npmjs.org/@types/node/-/node-6.0.110.tgz",
            "integrity": "sha512-LiaH3mF+OAqR+9Wo1OTJDbZDtCewAVjTbMhF1ZgUJ3fc8xqOJq6VqbpBh9dJVCVzByGmYIg2fREbuXNX0TKiJA==",
            "dev": true
        },
        "typescript": {
            "version": "2.9.0-dev.20180512",
            "resolved": "https://registry.npmjs.org/typescript/-/typescript-2.9.0-dev.20180512.tgz",
            "integrity": "sha512-IoShsqB7aix2NsKnaKqlCuerZdWp0OHIrWufUY2mfV1vDf8FTmBA49AODKbWySTQCi2YBB6SGqih9FLMEBjZJA==",
            "dev": true
        }
    }
}
